
Microsoft Visual Studio Solution File, Format Version 12.00
# Visual Studio Version 17
VisualStudioVersion = 17.1.32328.378
MinimumVisualStudioVersion = 10.0.40219.1
Project("{FAE04EC0-301F-11D3-BF4B-00C04F79EFBC}") = "kaulOV", "kaulOV\kaulOV.csproj", "{A8983553-F327-4610-A12E-6E9857E77C39}"
EndProject
Global
	GlobalSection(SolutionConfigurationPlatforms) = preSolution
		Debug|Any CPU = Debug|Any CPU
		Release|Any CPU = Release|Any CPU
	EndGlobalSection
	GlobalSection(ProjectConfigurationPlatforms) = postSolution
		{A8983553-F327-4610-A12E-6E9857E77C39}.Debug|Any CPU.ActiveCfg = Debug|Any CPU
		{A8983553-F327-4610-A12E-6E9857E77C39}.Debug|Any CPU.Build.0 = Debug|Any CPU
		{A8983553-F327-4610-A12E-6E9857E77C39}.Release|Any CPU.ActiveCfg = Release|Any CPU
		{A8983553-F327-4610-A12E-6E9857E77C39}.Release|Any CPU.Build.0 = Release|Any CPU
	EndGlobalSection
	GlobalSection(SolutionProperties) = preSolution
		HideSolutionNode = FALSE
	EndGlobalSection
	GlobalSection(ExtensibilityGlobals) = postSolution
		SolutionGuid = {F7134706-E13B-4A5D-A682-ADC27D31C1F2}
	EndGlobalSection
EndGlobal
